
Microsoft Visual Studio Solution File, Format Version 12.00
# Visual Studio Version 16
VisualStudioVersion = 16.0.31205.134
MinimumVisualStudioVersion = 10.0.40219.1
Project("{FAE04EC0-301F-11D3-BF4B-00C04F79EFBC}") = "Calculadora", "Calculadora\Calculadora.csproj", "{F400C25B-0FF3-414A-8EBB-D56554393ADB}"
EndProject
Global
	GlobalSection(SolutionConfigurationPlatforms) = preSolution
		Debug|Any CPU = Debug|Any CPU
		Release|Any CPU = Release|Any CPU
	EndGlobalSection
	GlobalSection(ProjectConfigurationPlatforms) = postSolution
		{F400C25B-0FF3-414A-8EBB-D56554393ADB}.Debug|Any CPU.ActiveCfg = Debug|Any CPU
		{F400C25B-0FF3-414A-8EBB-D56554393ADB}.Debug|Any CPU.Build.0 = Debug|Any CPU
		{F400C25B-0FF3-414A-8EBB-D56554393ADB}.Release|Any CPU.ActiveCfg = Release|Any CPU
		{F400C25B-0FF3-414A-8EBB-D56554393ADB}.Release|Any CPU.Build.0 = Release|Any CPU
	EndGlobalSection
	GlobalSection(SolutionProperties) = preSolution
		HideSolutionNode = FALSE
	EndGlobalSection
	GlobalSection(ExtensibilityGlobals) = postSolution
		SolutionGuid = {60D5E533-F753-4F75-8436-07F03E8A425E}
	EndGlobalSection
EndGlobal
